
Microsoft Visual Studio Solution File, Format Version 12.00
# Visual Studio 15
VisualStudioVersion = 15.0.26430.15
MinimumVisualStudioVersion = 10.0.40219.1
Project("{2150E333-8FDC-42A3-9474-1A3956D46DE8}") = ".nuget", ".nuget", "{DC7ED7B0-54F0-4E04-84F1-69563D66B77F}"
	ProjectSection(SolutionItems) = preProject
		.nuget\NuGet.Config = .nuget\NuGet.Config
		.nuget\NuGet.exe = .nuget\NuGet.exe
		.nuget\NuGet.targets = .nuget\NuGet.targets
	EndProjectSection
EndProject
Project("{2150E333-8FDC-42A3-9474-1A3956D46DE8}") = "Solution Items", "Solution Items", "{75B79CA8-8830-4AD7-9A0C-0FCA898145A3}"
	ProjectSection(SolutionItems) = preProject
		Readme.md = Readme.md
	EndProjectSection
EndProject
Project("{9A19103F-16F7-4668-BE54-9A1E7A4F7556}") = "CallMeMaybe", "CallMeMaybe\CallMeMaybe.csproj", "{29583F05-F571-4B57-A4F2-8AA8EC3C84EF}"
EndProject
Project("{2150E333-8FDC-42A3-9474-1A3956D46DE8}") = "Tests", "Tests", "{AAFDE12E-031F-42B0-8C42-A5C96A506C5A}"
EndProject
Project("{9A19103F-16F7-4668-BE54-9A1E7A4F7556}") = "CallMeMaybe.UnitTests", "CallMeMaybe.UnitTests\CallMeMaybe.UnitTests.csproj", "{D7FAE90B-399E-49A5-9169-174CF6B2C44F}"
EndProject
Project("{2150E333-8FDC-42A3-9474-1A3956D46DE8}") = "Build", "Build", "{2ACF1B35-6795-4CA4-80FE-15675C0C9AC5}"
	ProjectSection(SolutionItems) = preProject
		appveyor.yml = appveyor.yml
		build.cmd = build.cmd
		CallMeMaybe\CallMeMaybe.nuspec = CallMeMaybe\CallMeMaybe.nuspec
		Version.txt = Version.txt
	EndProjectSection
EndProject
Global
	GlobalSection(SolutionConfigurationPlatforms) = preSolution
		Debug|Any CPU = Debug|Any CPU
		Release|Any CPU = Release|Any CPU
	EndGlobalSection
	GlobalSection(ProjectConfigurationPlatforms) = postSolution
		{29583F05-F571-4B57-A4F2-8AA8EC3C84EF}.Debug|Any CPU.ActiveCfg = Debug|Any CPU
		{29583F05-F571-4B57-A4F2-8AA8EC3C84EF}.Debug|Any CPU.Build.0 = Debug|Any CPU
		{29583F05-F571-4B57-A4F2-8AA8EC3C84EF}.Release|Any CPU.ActiveCfg = Release|Any CPU
		{29583F05-F571-4B57-A4F2-8AA8EC3C84EF}.Release|Any CPU.Build.0 = Release|Any CPU
		{D7FAE90B-399E-49A5-9169-174CF6B2C44F}.Debug|Any CPU.ActiveCfg = Debug|Any CPU
		{D7FAE90B-399E-49A5-9169-174CF6B2C44F}.Debug|Any CPU.Build.0 = Debug|Any CPU
		{D7FAE90B-399E-49A5-9169-174CF6B2C44F}.Release|Any CPU.ActiveCfg = Release|Any CPU
		{D7FAE90B-399E-49A5-9169-174CF6B2C44F}.Release|Any CPU.Build.0 = Release|Any CPU
	EndGlobalSection
	GlobalSection(SolutionProperties) = preSolution
		HideSolutionNode = FALSE
	EndGlobalSection
	GlobalSection(NestedProjects) = preSolution
		{D7FAE90B-399E-49A5-9169-174CF6B2C44F} = {AAFDE12E-031F-42B0-8C42-A5C96A506C5A}
	EndGlobalSection
EndGlobal
